# External sources that are fetched by the native build. These are immutable
# commits; the build scripts must verify the resolved commit before compiling.
webkit https://github.com/oven-sh/WebKit.git 017930ebf915121f8f593bef61cbbca82d78132d
tinycc https://github.com/oven-sh/tinycc.git b91835d8701523e895a2b447713630069514e291
