{
  "schema": 1,
  "sources": {
    "webkit": {
      "remote": "https://github.com/oven-sh/WebKit.git",
      "commit": "017930ebf915121f8f593bef61cbbca82d78132d"
    },
    "tinycc": {
      "remote": "https://github.com/oven-sh/tinycc.git",
      "commit": "29985a3b59898861442fa3b43f663fc1af2591d7"
    }
  }
}
