{
  "schema": 1,
  "sources": {
    "webkit": {
      "remote": "https://github.com/oven-sh/WebKit.git",
      "commit": "017930ebf915121f8f593bef61cbbca82d78132d"
    },
    "tinycc": {
      "remote": "https://github.com/oven-sh/tinycc.git",
      "commit": "b91835d8701523e895a2b447713630069514e291e"
    }
  }
}
